
Microsoft Visual Studio Solution File, Format Version 11.00
# Visual Studio 2010
Project("{CC5FD16D-436D-48AD-A40C-5A424C6E3E79}") = "OcrSite", "OcrSite\OcrSite.ccproj", "{81127A9F-634F-4D41-8054-A75DCCA9F4F7}"
EndProject
Project("{FAE04EC0-301F-11D3-BF4B-00C04F79EFBC}") = "Prax.OcrEngine.Website", "Prax.OcrEngine.Website\Prax.OcrEngine.Website.csproj", "{AE3CE89B-BAF2-4E06-814D-9654078B405D}"
EndProject
Project("{FAE04EC0-301F-11D3-BF4B-00C04F79EFBC}") = "Prax.OcrEngine.Website.Tests", "Prax.OcrEngine.Website.Tests\Prax.OcrEngine.Website.Tests.csproj", "{6A14E7E3-3D41-44D2-91F6-82FA5FC0763F}"
EndProject
Project("{FAE04EC0-301F-11D3-BF4B-00C04F79EFBC}") = "Prax.OcrEngine.ScanWorker", "Prax.OcrEngine.ScanWorker\Prax.OcrEngine.ScanWorker.csproj", "{BBBFCA4C-7A08-4FBA-B1AA-5D70BD0D896B}"
EndProject
Project("{FAE04EC0-301F-11D3-BF4B-00C04F79EFBC}") = "Prax.OcrEngine.Common", "Prax.OcrEngine.Common\Prax.OcrEngine.Common.csproj", "{B972ABB6-84DD-4E56-B932-2DE539EC86F9}"
EndProject
Project("{2150E333-8FDC-42A3-9474-1A3956D46DE8}") = "Solution Items", "Solution Items", "{3F096772-39B9-4DAD-9D29-392F7BA63FA0}"
	ProjectSection(SolutionItems) = preProject
		..\CustomDictionary.xml = ..\CustomDictionary.xml
		..\Prax Web.ruleset = ..\Prax Web.ruleset
		..\Prax.ruleset = ..\Prax.ruleset
		Prax.OcrEngine.Common\Prax.snk = Prax.OcrEngine.Common\Prax.snk
	EndProjectSection
EndProject
Project("{FAE04EC0-301F-11D3-BF4B-00C04F79EFBC}") = "Prax.OcrEngine.Engine", "Prax.OcrEngine.Engine\Prax.OcrEngine.Engine.csproj", "{0507F74F-3DB1-4FBE-A804-664D2FE52CA5}"
EndProject
Global
	GlobalSection(SolutionConfigurationPlatforms) = preSolution
		Debug|Any CPU = Debug|Any CPU
		Release|Any CPU = Release|Any CPU
	EndGlobalSection
	GlobalSection(ProjectConfigurationPlatforms) = postSolution
		{81127A9F-634F-4D41-8054-A75DCCA9F4F7}.Debug|Any CPU.ActiveCfg = Debug|Any CPU
		{81127A9F-634F-4D41-8054-A75DCCA9F4F7}.Debug|Any CPU.Build.0 = Debug|Any CPU
		{81127A9F-634F-4D41-8054-A75DCCA9F4F7}.Release|Any CPU.ActiveCfg = Release|Any CPU
		{81127A9F-634F-4D41-8054-A75DCCA9F4F7}.Release|Any CPU.Build.0 = Release|Any CPU
		{AE3CE89B-BAF2-4E06-814D-9654078B405D}.Debug|Any CPU.ActiveCfg = Debug|Any CPU
		{AE3CE89B-BAF2-4E06-814D-9654078B405D}.Debug|Any CPU.Build.0 = Debug|Any CPU
		{AE3CE89B-BAF2-4E06-814D-9654078B405D}.Release|Any CPU.ActiveCfg = Release|Any CPU
		{AE3CE89B-BAF2-4E06-814D-9654078B405D}.Release|Any CPU.Build.0 = Release|Any CPU
		{6A14E7E3-3D41-44D2-91F6-82FA5FC0763F}.Debug|Any CPU.ActiveCfg = Debug|Any CPU
		{6A14E7E3-3D41-44D2-91F6-82FA5FC0763F}.Debug|Any CPU.Build.0 = Debug|Any CPU
		{6A14E7E3-3D41-44D2-91F6-82FA5FC0763F}.Release|Any CPU.ActiveCfg = Release|Any CPU
		{6A14E7E3-3D41-44D2-91F6-82FA5FC0763F}.Release|Any CPU.Build.0 = Release|Any CPU
		{BBBFCA4C-7A08-4FBA-B1AA-5D70BD0D896B}.Debug|Any CPU.ActiveCfg = Debug|Any CPU
		{BBBFCA4C-7A08-4FBA-B1AA-5D70BD0D896B}.Debug|Any CPU.Build.0 = Debug|Any CPU
		{BBBFCA4C-7A08-4FBA-B1AA-5D70BD0D896B}.Release|Any CPU.ActiveCfg = Release|Any CPU
		{BBBFCA4C-7A08-4FBA-B1AA-5D70BD0D896B}.Release|Any CPU.Build.0 = Release|Any CPU
		{B972ABB6-84DD-4E56-B932-2DE539EC86F9}.Debug|Any CPU.ActiveCfg = Debug|Any CPU
		{B972ABB6-84DD-4E56-B932-2DE539EC86F9}.Debug|Any CPU.Build.0 = Debug|Any CPU
		{B972ABB6-84DD-4E56-B932-2DE539EC86F9}.Release|Any CPU.ActiveCfg = Release|Any CPU
		{B972ABB6-84DD-4E56-B932-2DE539EC86F9}.Release|Any CPU.Build.0 = Release|Any CPU
		{0507F74F-3DB1-4FBE-A804-664D2FE52CA5}.Debug|Any CPU.ActiveCfg = Debug|Any CPU
		{0507F74F-3DB1-4FBE-A804-664D2FE52CA5}.Debug|Any CPU.Build.0 = Debug|Any CPU
		{0507F74F-3DB1-4FBE-A804-664D2FE52CA5}.Release|Any CPU.ActiveCfg = Release|Any CPU
		{0507F74F-3DB1-4FBE-A804-664D2FE52CA5}.Release|Any CPU.Build.0 = Release|Any CPU
	EndGlobalSection
	GlobalSection(SolutionProperties) = preSolution
		HideSolutionNode = FALSE
	EndGlobalSection
EndGlobal
