
Microsoft Visual Studio Solution File, Format Version 11.00
# Visual Studio 2010
Project("{CC5FD16D-436D-48AD-A40C-5A424C6E3E79}") = "OcrSite", "OcrSite\OcrSite.ccproj", "{81127A9F-634F-4D41-8054-A75DCCA9F4F7}"
EndProject
Project("{FAE04EC0-301F-11D3-BF4B-00C04F79EFBC}") = "Prax.OcrEngine.Website", "Prax.OcrEngine.Website\Prax.OcrEngine.Website.csproj", "{AE3CE89B-BAF2-4E06-814D-9654078B405D}"
EndProject
Project("{FAE04EC0-301F-11D3-BF4B-00C04F79EFBC}") = "Prax.OcrEngine.Website.Tests", "Prax.OcrEngine.Website.Tests\Prax.OcrEngine.Website.Tests.csproj", "{6A14E7E3-3D41-44D2-91F6-82FA5FC0763F}"
EndProject
Project("{FAE04EC0-301F-11D3-BF4B-00C04F79EFBC}") = "Prax.OcrEngine.ScanWorker", "Prax.OcrEngine.ScanWorker\Prax.OcrEngine.ScanWorker.csproj", "{BBBFCA4C-7A08-4FBA-B1AA-5D70BD0D896B}"
EndProject
Global
	GlobalSection(SolutionConfigurationPlatforms) = preSolution
		Debug|Any CPU = Debug|Any CPU
		Release|Any CPU = Release|Any CPU
	EndGlobalSection
	GlobalSection(ProjectConfigurationPlatforms) = postSolution
		{81127A9F-634F-4D41-8054-A75DCCA9F4F7}.Debug|Any CPU.ActiveCfg = Debug|Any CPU
		{81127A9F-634F-4D41-8054-A75DCCA9F4F7}.Debug|Any CPU.Build.0 = Debug|Any CPU
		{81127A9F-634F-4D41-8054-A75DCCA9F4F7}.Release|Any CPU.ActiveCfg = Release|Any CPU
		{81127A9F-634F-4D41-8054-A75DCCA9F4F7}.Release|Any CPU.Build.0 = Release|Any CPU
		{AE3CE89B-BAF2-4E06-814D-9654078B405D}.Debug|Any CPU.ActiveCfg = Debug|Any CPU
		{AE3CE89B-BAF2-4E06-814D-9654078B405D}.Debug|Any CPU.Build.0 = Debug|Any CPU
		{AE3CE89B-BAF2-4E06-814D-9654078B405D}.Release|Any CPU.ActiveCfg = Release|Any CPU
		{AE3CE89B-BAF2-4E06-814D-9654078B405D}.Release|Any CPU.Build.0 = Release|Any CPU
		{6A14E7E3-3D41-44D2-91F6-82FA5FC0763F}.Debug|Any CPU.ActiveCfg = Debug|Any CPU
		{6A14E7E3-3D41-44D2-91F6-82FA5FC0763F}.Debug|Any CPU.Build.0 = Debug|Any CPU
		{6A14E7E3-3D41-44D2-91F6-82FA5FC0763F}.Release|Any CPU.ActiveCfg = Release|Any CPU
		{6A14E7E3-3D41-44D2-91F6-82FA5FC0763F}.Release|Any CPU.Build.0 = Release|Any CPU
		{BBBFCA4C-7A08-4FBA-B1AA-5D70BD0D896B}.Debug|Any CPU.ActiveCfg = Debug|Any CPU
		{BBBFCA4C-7A08-4FBA-B1AA-5D70BD0D896B}.Debug|Any CPU.Build.0 = Debug|Any CPU
		{BBBFCA4C-7A08-4FBA-B1AA-5D70BD0D896B}.Release|Any CPU.ActiveCfg = Release|Any CPU
		{BBBFCA4C-7A08-4FBA-B1AA-5D70BD0D896B}.Release|Any CPU.Build.0 = Release|Any CPU
	EndGlobalSection
	GlobalSection(SolutionProperties) = preSolution
		HideSolutionNode = FALSE
	EndGlobalSection
EndGlobal
