
Microsoft Visual Studio Solution File, Format Version 11.00
# Visual Studio 2010
Project("{FAE04EC0-301F-11D3-BF4B-00C04F79EFBC}") = "RecognitionEngine", "RecognitionEngine\RecognitionEngine.csproj", "{C4A17DAD-40D3-4978-8D59-C3A45C582067}"
EndProject
Project("{FAE04EC0-301F-11D3-BF4B-00C04F79EFBC}") = "TestProject", "TestProject\TestProject.csproj", "{6519D332-4F5D-4388-9438-D7F1BBC9FEE2}"
EndProject
Project("{FAE04EC0-301F-11D3-BF4B-00C04F79EFBC}") = "OCRFunctionality", "ExtractedOCRFunctionality\OCRFunctionality.csproj", "{D219AEDF-0DE6-4EA0-87D8-4DA13085E7FC}"
EndProject
Project("{FAE04EC0-301F-11D3-BF4B-00C04F79EFBC}") = "UI", "UI\UI.csproj", "{E3D59E64-7271-4DA9-A4A0-3482695FA9B4}"
EndProject
Project("{FAE04EC0-301F-11D3-BF4B-00C04F79EFBC}") = "Graphics", "Graphics\Graphics.csproj", "{DC793707-6461-4074-A8DC-3A4495922D03}"
EndProject
Project("{FAE04EC0-301F-11D3-BF4B-00C04F79EFBC}") = "ImgRenderer", "ClassLibrary1\ImgRenderer.csproj", "{7F2057C2-741F-4EB7-BC65-9712A0C420F3}"
EndProject
Project("{FAE04EC0-301F-11D3-BF4B-00C04F79EFBC}") = "TextRenderer", "..\TextRenderer\TextRenderer.csproj", "{87DC4997-9C1B-462D-840F-1F9910549430}"
EndProject
Project("{FAE04EC0-301F-11D3-BF4B-00C04F79EFBC}") = "TextMeasuring", "TextMeasuring\TextMeasuring.csproj", "{ED227ECA-78A4-4AE7-9DFA-B8EBBCE7178B}"
EndProject
Global
	GlobalSection(SolutionConfigurationPlatforms) = preSolution
		Debug|Any CPU = Debug|Any CPU
		Debug|Mixed Platforms = Debug|Mixed Platforms
		Debug|x86 = Debug|x86
		Release|Any CPU = Release|Any CPU
		Release|Mixed Platforms = Release|Mixed Platforms
		Release|x86 = Release|x86
	EndGlobalSection
	GlobalSection(ProjectConfigurationPlatforms) = postSolution
		{C4A17DAD-40D3-4978-8D59-C3A45C582067}.Debug|Any CPU.ActiveCfg = Debug|Any CPU
		{C4A17DAD-40D3-4978-8D59-C3A45C582067}.Debug|Any CPU.Build.0 = Debug|Any CPU
		{C4A17DAD-40D3-4978-8D59-C3A45C582067}.Debug|Mixed Platforms.ActiveCfg = Debug|Any CPU
		{C4A17DAD-40D3-4978-8D59-C3A45C582067}.Debug|Mixed Platforms.Build.0 = Debug|Any CPU
		{C4A17DAD-40D3-4978-8D59-C3A45C582067}.Debug|x86.ActiveCfg = Debug|Any CPU
		{C4A17DAD-40D3-4978-8D59-C3A45C582067}.Release|Any CPU.ActiveCfg = Release|Any CPU
		{C4A17DAD-40D3-4978-8D59-C3A45C582067}.Release|Any CPU.Build.0 = Release|Any CPU
		{C4A17DAD-40D3-4978-8D59-C3A45C582067}.Release|Mixed Platforms.ActiveCfg = Release|Any CPU
		{C4A17DAD-40D3-4978-8D59-C3A45C582067}.Release|Mixed Platforms.Build.0 = Release|Any CPU
		{C4A17DAD-40D3-4978-8D59-C3A45C582067}.Release|x86.ActiveCfg = Release|Any CPU
		{6519D332-4F5D-4388-9438-D7F1BBC9FEE2}.Debug|Any CPU.ActiveCfg = Debug|x86
		{6519D332-4F5D-4388-9438-D7F1BBC9FEE2}.Debug|Mixed Platforms.ActiveCfg = Debug|x86
		{6519D332-4F5D-4388-9438-D7F1BBC9FEE2}.Debug|Mixed Platforms.Build.0 = Debug|x86
		{6519D332-4F5D-4388-9438-D7F1BBC9FEE2}.Debug|x86.ActiveCfg = Debug|x86
		{6519D332-4F5D-4388-9438-D7F1BBC9FEE2}.Debug|x86.Build.0 = Debug|x86
		{6519D332-4F5D-4388-9438-D7F1BBC9FEE2}.Release|Any CPU.ActiveCfg = Release|x86
		{6519D332-4F5D-4388-9438-D7F1BBC9FEE2}.Release|Mixed Platforms.ActiveCfg = Release|x86
		{6519D332-4F5D-4388-9438-D7F1BBC9FEE2}.Release|Mixed Platforms.Build.0 = Release|x86
		{6519D332-4F5D-4388-9438-D7F1BBC9FEE2}.Release|x86.ActiveCfg = Release|x86
		{6519D332-4F5D-4388-9438-D7F1BBC9FEE2}.Release|x86.Build.0 = Release|x86
		{D219AEDF-0DE6-4EA0-87D8-4DA13085E7FC}.Debug|Any CPU.ActiveCfg = Debug|Any CPU
		{D219AEDF-0DE6-4EA0-87D8-4DA13085E7FC}.Debug|Any CPU.Build.0 = Debug|Any CPU
		{D219AEDF-0DE6-4EA0-87D8-4DA13085E7FC}.Debug|Mixed Platforms.ActiveCfg = Debug|Any CPU
		{D219AEDF-0DE6-4EA0-87D8-4DA13085E7FC}.Debug|Mixed Platforms.Build.0 = Debug|Any CPU
		{D219AEDF-0DE6-4EA0-87D8-4DA13085E7FC}.Debug|x86.ActiveCfg = Debug|Any CPU
		{D219AEDF-0DE6-4EA0-87D8-4DA13085E7FC}.Release|Any CPU.ActiveCfg = Release|Any CPU
		{D219AEDF-0DE6-4EA0-87D8-4DA13085E7FC}.Release|Any CPU.Build.0 = Release|Any CPU
		{D219AEDF-0DE6-4EA0-87D8-4DA13085E7FC}.Release|Mixed Platforms.ActiveCfg = Release|Any CPU
		{D219AEDF-0DE6-4EA0-87D8-4DA13085E7FC}.Release|Mixed Platforms.Build.0 = Release|Any CPU
		{D219AEDF-0DE6-4EA0-87D8-4DA13085E7FC}.Release|x86.ActiveCfg = Release|Any CPU
		{E3D59E64-7271-4DA9-A4A0-3482695FA9B4}.Debug|Any CPU.ActiveCfg = Debug|x86
		{E3D59E64-7271-4DA9-A4A0-3482695FA9B4}.Debug|Mixed Platforms.ActiveCfg = Debug|x86
		{E3D59E64-7271-4DA9-A4A0-3482695FA9B4}.Debug|Mixed Platforms.Build.0 = Debug|x86
		{E3D59E64-7271-4DA9-A4A0-3482695FA9B4}.Debug|x86.ActiveCfg = Debug|x86
		{E3D59E64-7271-4DA9-A4A0-3482695FA9B4}.Debug|x86.Build.0 = Debug|x86
		{E3D59E64-7271-4DA9-A4A0-3482695FA9B4}.Release|Any CPU.ActiveCfg = Release|x86
		{E3D59E64-7271-4DA9-A4A0-3482695FA9B4}.Release|Mixed Platforms.ActiveCfg = Release|x86
		{E3D59E64-7271-4DA9-A4A0-3482695FA9B4}.Release|Mixed Platforms.Build.0 = Release|x86
		{E3D59E64-7271-4DA9-A4A0-3482695FA9B4}.Release|x86.ActiveCfg = Release|x86
		{E3D59E64-7271-4DA9-A4A0-3482695FA9B4}.Release|x86.Build.0 = Release|x86
		{DC793707-6461-4074-A8DC-3A4495922D03}.Debug|Any CPU.ActiveCfg = Debug|Any CPU
		{DC793707-6461-4074-A8DC-3A4495922D03}.Debug|Any CPU.Build.0 = Debug|Any CPU
		{DC793707-6461-4074-A8DC-3A4495922D03}.Debug|Mixed Platforms.ActiveCfg = Debug|Any CPU
		{DC793707-6461-4074-A8DC-3A4495922D03}.Debug|Mixed Platforms.Build.0 = Debug|Any CPU
		{DC793707-6461-4074-A8DC-3A4495922D03}.Debug|x86.ActiveCfg = Debug|Any CPU
		{DC793707-6461-4074-A8DC-3A4495922D03}.Release|Any CPU.ActiveCfg = Release|Any CPU
		{DC793707-6461-4074-A8DC-3A4495922D03}.Release|Any CPU.Build.0 = Release|Any CPU
		{DC793707-6461-4074-A8DC-3A4495922D03}.Release|Mixed Platforms.ActiveCfg = Release|Any CPU
		{DC793707-6461-4074-A8DC-3A4495922D03}.Release|Mixed Platforms.Build.0 = Release|Any CPU
		{DC793707-6461-4074-A8DC-3A4495922D03}.Release|x86.ActiveCfg = Release|Any CPU
		{7F2057C2-741F-4EB7-BC65-9712A0C420F3}.Debug|Any CPU.ActiveCfg = Debug|Any CPU
		{7F2057C2-741F-4EB7-BC65-9712A0C420F3}.Debug|Any CPU.Build.0 = Debug|Any CPU
		{7F2057C2-741F-4EB7-BC65-9712A0C420F3}.Debug|Mixed Platforms.ActiveCfg = Debug|Any CPU
		{7F2057C2-741F-4EB7-BC65-9712A0C420F3}.Debug|Mixed Platforms.Build.0 = Debug|Any CPU
		{7F2057C2-741F-4EB7-BC65-9712A0C420F3}.Debug|x86.ActiveCfg = Debug|Any CPU
		{7F2057C2-741F-4EB7-BC65-9712A0C420F3}.Release|Any CPU.ActiveCfg = Release|Any CPU
		{7F2057C2-741F-4EB7-BC65-9712A0C420F3}.Release|Any CPU.Build.0 = Release|Any CPU
		{7F2057C2-741F-4EB7-BC65-9712A0C420F3}.Release|Mixed Platforms.ActiveCfg = Release|Any CPU
		{7F2057C2-741F-4EB7-BC65-9712A0C420F3}.Release|Mixed Platforms.Build.0 = Release|Any CPU
		{7F2057C2-741F-4EB7-BC65-9712A0C420F3}.Release|x86.ActiveCfg = Release|Any CPU
		{87DC4997-9C1B-462D-840F-1F9910549430}.Debug|Any CPU.ActiveCfg = Debug|x86
		{87DC4997-9C1B-462D-840F-1F9910549430}.Debug|Mixed Platforms.ActiveCfg = Debug|x86
		{87DC4997-9C1B-462D-840F-1F9910549430}.Debug|Mixed Platforms.Build.0 = Debug|x86
		{87DC4997-9C1B-462D-840F-1F9910549430}.Debug|x86.ActiveCfg = Debug|x86
		{87DC4997-9C1B-462D-840F-1F9910549430}.Debug|x86.Build.0 = Debug|x86
		{87DC4997-9C1B-462D-840F-1F9910549430}.Release|Any CPU.ActiveCfg = Release|x86
		{87DC4997-9C1B-462D-840F-1F9910549430}.Release|Mixed Platforms.ActiveCfg = Release|x86
		{87DC4997-9C1B-462D-840F-1F9910549430}.Release|Mixed Platforms.Build.0 = Release|x86
		{87DC4997-9C1B-462D-840F-1F9910549430}.Release|x86.ActiveCfg = Release|x86
		{87DC4997-9C1B-462D-840F-1F9910549430}.Release|x86.Build.0 = Release|x86
		{ED227ECA-78A4-4AE7-9DFA-B8EBBCE7178B}.Debug|Any CPU.ActiveCfg = Debug|x86
		{ED227ECA-78A4-4AE7-9DFA-B8EBBCE7178B}.Debug|Mixed Platforms.ActiveCfg = Debug|x86
		{ED227ECA-78A4-4AE7-9DFA-B8EBBCE7178B}.Debug|Mixed Platforms.Build.0 = Debug|x86
		{ED227ECA-78A4-4AE7-9DFA-B8EBBCE7178B}.Debug|x86.ActiveCfg = Debug|x86
		{ED227ECA-78A4-4AE7-9DFA-B8EBBCE7178B}.Debug|x86.Build.0 = Debug|x86
		{ED227ECA-78A4-4AE7-9DFA-B8EBBCE7178B}.Release|Any CPU.ActiveCfg = Release|x86
		{ED227ECA-78A4-4AE7-9DFA-B8EBBCE7178B}.Release|Mixed Platforms.ActiveCfg = Release|x86
		{ED227ECA-78A4-4AE7-9DFA-B8EBBCE7178B}.Release|Mixed Platforms.Build.0 = Release|x86
		{ED227ECA-78A4-4AE7-9DFA-B8EBBCE7178B}.Release|x86.ActiveCfg = Release|x86
		{ED227ECA-78A4-4AE7-9DFA-B8EBBCE7178B}.Release|x86.Build.0 = Release|x86
	EndGlobalSection
	GlobalSection(SolutionProperties) = preSolution
		HideSolutionNode = FALSE
	EndGlobalSection
EndGlobal
