
Microsoft Visual Studio Solution File, Format Version 11.00
# Visual Studio 2010
Project("{FAE04EC0-301F-11D3-BF4B-00C04F79EFBC}") = "TextRenderer", "TextRenderer.csproj", "{87DC4997-9C1B-462D-840F-1F9910549430}"
EndProject
Global
	GlobalSection(SolutionConfigurationPlatforms) = preSolution
		Debug|x86 = Debug|x86
		Release|x86 = Release|x86
	EndGlobalSection
	GlobalSection(ProjectConfigurationPlatforms) = postSolution
		{87DC4997-9C1B-462D-840F-1F9910549430}.Debug|x86.ActiveCfg = Debug|x86
		{87DC4997-9C1B-462D-840F-1F9910549430}.Debug|x86.Build.0 = Debug|x86
		{87DC4997-9C1B-462D-840F-1F9910549430}.Release|x86.ActiveCfg = Release|x86
		{87DC4997-9C1B-462D-840F-1F9910549430}.Release|x86.Build.0 = Release|x86
	EndGlobalSection
	GlobalSection(SolutionProperties) = preSolution
		HideSolutionNode = FALSE
	EndGlobalSection
EndGlobal
